
Microsoft Visual Studio Solution File, Format Version 12.00
# Visual Studio Version 17
VisualStudioVersion = 17.10.35027.167
MinimumVisualStudioVersion = 10.0.40219.1
Project("{8BC9CEB8-8B4A-11D0-8D11-00A0C91BC942}") = "cherrnivik", "cherrnivik\cherrnivik.vcxproj", "{59825F2E-9CC8-48DD-9CF4-9E79E7C3A2DE}"
EndProject
Project("{8BC9CEB8-8B4A-11D0-8D11-00A0C91BC942}") = "Primer4", "Primer4\Primer4.vcxproj", "{0D1F9D0F-6ADB-449C-958C-A507C4A63223}"
EndProject
Project("{8BC9CEB8-8B4A-11D0-8D11-00A0C91BC942}") = "Primer13", "Primer13\Primer13.vcxproj", "{2C7B0D46-4D13-4EF8-BB3B-2A51E79DD429}"
EndProject
Project("{8BC9CEB8-8B4A-11D0-8D11-00A0C91BC942}") = "Primer14", "Primer14\Primer14.vcxproj", "{770BD564-C2E6-4E77-929C-C8584DEEDECF}"
EndProject
Project("{8BC9CEB8-8B4A-11D0-8D11-00A0C91BC942}") = "Primer15", "Primer15\Primer15.vcxproj", "{0B20A9CF-47D8-4678-B377-8FA1600B8390}"
EndProject
Project("{8BC9CEB8-8B4A-11D0-8D11-00A0C91BC942}") = "chernovik2", "chernovik2\chernovik2.vcxproj", "{0DB7BF1C-E482-40A2-B5A3-134DE7ABDA20}"
EndProject
Project("{8BC9CEB8-8B4A-11D0-8D11-00A0C91BC942}") = "Primer16", "Primer16\Primer16.vcxproj", "{B4DA5FA4-E256-4A8E-AFFE-8DEDBD6E94F7}"
EndProject
Project("{8BC9CEB8-8B4A-11D0-8D11-00A0C91BC942}") = "Primer17", "Primer17\Primer17.vcxproj", "{4211D30A-86E3-44E7-A5EE-BF4ADD6446DA}"
EndProject
Project("{8BC9CEB8-8B4A-11D0-8D11-00A0C91BC942}") = "Primer18", "Primer18\Primer18.vcxproj", "{872AADF0-3F9B-4357-BB47-B00369B7D316}"
EndProject
Project("{8BC9CEB8-8B4A-11D0-8D11-00A0C91BC942}") = "Primer19", "Primer19\Primer19.vcxproj", "{F11101DA-4764-465F-9C9D-7143F66F1930}"
EndProject
Project("{8BC9CEB8-8B4A-11D0-8D11-00A0C91BC942}") = "Primer20", "Primer20\Primer20.vcxproj", "{211F148F-541C-4354-BAB8-3F9CE6D9B641}"
EndProject
Project("{8BC9CEB8-8B4A-11D0-8D11-00A0C91BC942}") = "Primer12", "Primer12\Primer12.vcxproj", "{87E180FD-4470-40EB-9E71-D17F7F896CFA}"
EndProject
Global
	GlobalSection(SolutionConfigurationPlatforms) = preSolution
		Debug|x64 = Debug|x64
		Debug|x86 = Debug|x86
		Release|x64 = Release|x64
		Release|x86 = Release|x86
	EndGlobalSection
	GlobalSection(ProjectConfigurationPlatforms) = postSolution
		{59825F2E-9CC8-48DD-9CF4-9E79E7C3A2DE}.Debug|x64.ActiveCfg = Debug|x64
		{59825F2E-9CC8-48DD-9CF4-9E79E7C3A2DE}.Debug|x64.Build.0 = Debug|x64
		{59825F2E-9CC8-48DD-9CF4-9E79E7C3A2DE}.Debug|x86.ActiveCfg = Debug|Win32
		{59825F2E-9CC8-48DD-9CF4-9E79E7C3A2DE}.Debug|x86.Build.0 = Debug|Win32
		{59825F2E-9CC8-48DD-9CF4-9E79E7C3A2DE}.Release|x64.ActiveCfg = Release|x64
		{59825F2E-9CC8-48DD-9CF4-9E79E7C3A2DE}.Release|x64.Build.0 = Release|x64
		{59825F2E-9CC8-48DD-9CF4-9E79E7C3A2DE}.Release|x86.ActiveCfg = Release|Win32
		{59825F2E-9CC8-48DD-9CF4-9E79E7C3A2DE}.Release|x86.Build.0 = Release|Win32
		{0D1F9D0F-6ADB-449C-958C-A507C4A63223}.Debug|x64.ActiveCfg = Debug|x64
		{0D1F9D0F-6ADB-449C-958C-A507C4A63223}.Debug|x64.Build.0 = Debug|x64
		{0D1F9D0F-6ADB-449C-958C-A507C4A63223}.Debug|x86.ActiveCfg = Debug|Win32
		{0D1F9D0F-6ADB-449C-958C-A507C4A63223}.Debug|x86.Build.0 = Debug|Win32
		{0D1F9D0F-6ADB-449C-958C-A507C4A63223}.Release|x64.ActiveCfg = Release|x64
		{0D1F9D0F-6ADB-449C-958C-A507C4A63223}.Release|x64.Build.0 = Release|x64
		{0D1F9D0F-6ADB-449C-958C-A507C4A63223}.Release|x86.ActiveCfg = Release|Win32
		{0D1F9D0F-6ADB-449C-958C-A507C4A63223}.Release|x86.Build.0 = Release|Win32
		{2C7B0D46-4D13-4EF8-BB3B-2A51E79DD429}.Debug|x64.ActiveCfg = Debug|x64
		{2C7B0D46-4D13-4EF8-BB3B-2A51E79DD429}.Debug|x64.Build.0 = Debug|x64
		{2C7B0D46-4D13-4EF8-BB3B-2A51E79DD429}.Debug|x86.ActiveCfg = Debug|Win32
		{2C7B0D46-4D13-4EF8-BB3B-2A51E79DD429}.Debug|x86.Build.0 = Debug|Win32
		{2C7B0D46-4D13-4EF8-BB3B-2A51E79DD429}.Release|x64.ActiveCfg = Release|x64
		{2C7B0D46-4D13-4EF8-BB3B-2A51E79DD429}.Release|x64.Build.0 = Release|x64
		{2C7B0D46-4D13-4EF8-BB3B-2A51E79DD429}.Release|x86.ActiveCfg = Release|Win32
		{2C7B0D46-4D13-4EF8-BB3B-2A51E79DD429}.Release|x86.Build.0 = Release|Win32
		{770BD564-C2E6-4E77-929C-C8584DEEDECF}.Debug|x64.ActiveCfg = Debug|x64
		{770BD564-C2E6-4E77-929C-C8584DEEDECF}.Debug|x64.Build.0 = Debug|x64
		{770BD564-C2E6-4E77-929C-C8584DEEDECF}.Debug|x86.ActiveCfg = Debug|Win32
		{770BD564-C2E6-4E77-929C-C8584DEEDECF}.Debug|x86.Build.0 = Debug|Win32
		{770BD564-C2E6-4E77-929C-C8584DEEDECF}.Release|x64.ActiveCfg = Release|x64
		{770BD564-C2E6-4E77-929C-C8584DEEDECF}.Release|x64.Build.0 = Release|x64
		{770BD564-C2E6-4E77-929C-C8584DEEDECF}.Release|x86.ActiveCfg = Release|Win32
		{770BD564-C2E6-4E77-929C-C8584DEEDECF}.Release|x86.Build.0 = Release|Win32
		{0B20A9CF-47D8-4678-B377-8FA1600B8390}.Debug|x64.ActiveCfg = Debug|x64
		{0B20A9CF-47D8-4678-B377-8FA1600B8390}.Debug|x64.Build.0 = Debug|x64
		{0B20A9CF-47D8-4678-B377-8FA1600B8390}.Debug|x86.ActiveCfg = Debug|Win32
		{0B20A9CF-47D8-4678-B377-8FA1600B8390}.Debug|x86.Build.0 = Debug|Win32
		{0B20A9CF-47D8-4678-B377-8FA1600B8390}.Release|x64.ActiveCfg = Release|x64
		{0B20A9CF-47D8-4678-B377-8FA1600B8390}.Release|x64.Build.0 = Release|x64
		{0B20A9CF-47D8-4678-B377-8FA1600B8390}.Release|x86.ActiveCfg = Release|Win32
		{0B20A9CF-47D8-4678-B377-8FA1600B8390}.Release|x86.Build.0 = Release|Win32
		{0DB7BF1C-E482-40A2-B5A3-134DE7ABDA20}.Debug|x64.ActiveCfg = Debug|x64
		{0DB7BF1C-E482-40A2-B5A3-134DE7ABDA20}.Debug|x64.Build.0 = Debug|x64
		{0DB7BF1C-E482-40A2-B5A3-134DE7ABDA20}.Debug|x86.ActiveCfg = Debug|Win32
		{0DB7BF1C-E482-40A2-B5A3-134DE7ABDA20}.Debug|x86.Build.0 = Debug|Win32
		{0DB7BF1C-E482-40A2-B5A3-134DE7ABDA20}.Release|x64.ActiveCfg = Release|x64
		{0DB7BF1C-E482-40A2-B5A3-134DE7ABDA20}.Release|x64.Build.0 = Release|x64
		{0DB7BF1C-E482-40A2-B5A3-134DE7ABDA20}.Release|x86.ActiveCfg = Release|Win32
		{0DB7BF1C-E482-40A2-B5A3-134DE7ABDA20}.Release|x86.Build.0 = Release|Win32
		{B4DA5FA4-E256-4A8E-AFFE-8DEDBD6E94F7}.Debug|x64.ActiveCfg = Debug|x64
		{B4DA5FA4-E256-4A8E-AFFE-8DEDBD6E94F7}.Debug|x64.Build.0 = Debug|x64
		{B4DA5FA4-E256-4A8E-AFFE-8DEDBD6E94F7}.Debug|x86.ActiveCfg = Debug|Win32
		{B4DA5FA4-E256-4A8E-AFFE-8DEDBD6E94F7}.Debug|x86.Build.0 = Debug|Win32
		{B4DA5FA4-E256-4A8E-AFFE-8DEDBD6E94F7}.Release|x64.ActiveCfg = Release|x64
		{B4DA5FA4-E256-4A8E-AFFE-8DEDBD6E94F7}.Release|x64.Build.0 = Release|x64
		{B4DA5FA4-E256-4A8E-AFFE-8DEDBD6E94F7}.Release|x86.ActiveCfg = Release|Win32
		{B4DA5FA4-E256-4A8E-AFFE-8DEDBD6E94F7}.Release|x86.Build.0 = Release|Win32
		{4211D30A-86E3-44E7-A5EE-BF4ADD6446DA}.Debug|x64.ActiveCfg = Debug|x64
		{4211D30A-86E3-44E7-A5EE-BF4ADD6446DA}.Debug|x64.Build.0 = Debug|x64
		{4211D30A-86E3-44E7-A5EE-BF4ADD6446DA}.Debug|x86.ActiveCfg = Debug|Win32
		{4211D30A-86E3-44E7-A5EE-BF4ADD6446DA}.Debug|x86.Build.0 = Debug|Win32
		{4211D30A-86E3-44E7-A5EE-BF4ADD6446DA}.Release|x64.ActiveCfg = Release|x64
		{4211D30A-86E3-44E7-A5EE-BF4ADD6446DA}.Release|x64.Build.0 = Release|x64
		{4211D30A-86E3-44E7-A5EE-BF4ADD6446DA}.Release|x86.ActiveCfg = Release|Win32
		{4211D30A-86E3-44E7-A5EE-BF4ADD6446DA}.Release|x86.Build.0 = Release|Win32
		{872AADF0-3F9B-4357-BB47-B00369B7D316}.Debug|x64.ActiveCfg = Debug|x64
		{872AADF0-3F9B-4357-BB47-B00369B7D316}.Debug|x64.Build.0 = Debug|x64
		{872AADF0-3F9B-4357-BB47-B00369B7D316}.Debug|x86.ActiveCfg = Debug|Win32
		{872AADF0-3F9B-4357-BB47-B00369B7D316}.Debug|x86.Build.0 = Debug|Win32
		{872AADF0-3F9B-4357-BB47-B00369B7D316}.Release|x64.ActiveCfg = Release|x64
		{872AADF0-3F9B-4357-BB47-B00369B7D316}.Release|x64.Build.0 = Release|x64
		{872AADF0-3F9B-4357-BB47-B00369B7D316}.Release|x86.ActiveCfg = Release|Win32
		{872AADF0-3F9B-4357-BB47-B00369B7D316}.Release|x86.Build.0 = Release|Win32
		{F11101DA-4764-465F-9C9D-7143F66F1930}.Debug|x64.ActiveCfg = Debug|x64
		{F11101DA-4764-465F-9C9D-7143F66F1930}.Debug|x64.Build.0 = Debug|x64
		{F11101DA-4764-465F-9C9D-7143F66F1930}.Debug|x86.ActiveCfg = Debug|Win32
		{F11101DA-4764-465F-9C9D-7143F66F1930}.Debug|x86.Build.0 = Debug|Win32
		{F11101DA-4764-465F-9C9D-7143F66F1930}.Release|x64.ActiveCfg = Release|x64
		{F11101DA-4764-465F-9C9D-7143F66F1930}.Release|x64.Build.0 = Release|x64
		{F11101DA-4764-465F-9C9D-7143F66F1930}.Release|x86.ActiveCfg = Release|Win32
		{F11101DA-4764-465F-9C9D-7143F66F1930}.Release|x86.Build.0 = Release|Win32
		{211F148F-541C-4354-BAB8-3F9CE6D9B641}.Debug|x64.ActiveCfg = Debug|x64
		{211F148F-541C-4354-BAB8-3F9CE6D9B641}.Debug|x64.Build.0 = Debug|x64
		{211F148F-541C-4354-BAB8-3F9CE6D9B641}.Debug|x86.ActiveCfg = Debug|Win32
		{211F148F-541C-4354-BAB8-3F9CE6D9B641}.Debug|x86.Build.0 = Debug|Win32
		{211F148F-541C-4354-BAB8-3F9CE6D9B641}.Release|x64.ActiveCfg = Release|x64
		{211F148F-541C-4354-BAB8-3F9CE6D9B641}.Release|x64.Build.0 = Release|x64
		{211F148F-541C-4354-BAB8-3F9CE6D9B641}.Release|x86.ActiveCfg = Release|Win32
		{211F148F-541C-4354-BAB8-3F9CE6D9B641}.Release|x86.Build.0 = Release|Win32
		{87E180FD-4470-40EB-9E71-D17F7F896CFA}.Debug|x64.ActiveCfg = Debug|x64
		{87E180FD-4470-40EB-9E71-D17F7F896CFA}.Debug|x64.Build.0 = Debug|x64
		{87E180FD-4470-40EB-9E71-D17F7F896CFA}.Debug|x86.ActiveCfg = Debug|Win32
		{87E180FD-4470-40EB-9E71-D17F7F896CFA}.Debug|x86.Build.0 = Debug|Win32
		{87E180FD-4470-40EB-9E71-D17F7F896CFA}.Release|x64.ActiveCfg = Release|x64
		{87E180FD-4470-40EB-9E71-D17F7F896CFA}.Release|x64.Build.0 = Release|x64
		{87E180FD-4470-40EB-9E71-D17F7F896CFA}.Release|x86.ActiveCfg = Release|Win32
		{87E180FD-4470-40EB-9E71-D17F7F896CFA}.Release|x86.Build.0 = Release|Win32
	EndGlobalSection
	GlobalSection(SolutionProperties) = preSolution
		HideSolutionNode = FALSE
	EndGlobalSection
	GlobalSection(ExtensibilityGlobals) = postSolution
		SolutionGuid = {9C8FF6EB-67FA-45A5-A9E9-E1E119A43B3B}
	EndGlobalSection
EndGlobal
